
Microsoft Visual Studio Solution File, Format Version 12.00
# Visual Studio 15
VisualStudioVersion = 15.0.27428.2043
MinimumVisualStudioVersion = 10.0.40219.1
Project("{FAE04EC0-301F-11D3-BF4B-00C04F79EFBC}") = "TradeTopia.Hub.Windows.Service", "TradeTopia.Hub.Windows.Service\TradeTopia.Hub.Windows.Service.csproj", "{427667FB-71FD-4109-AE4F-FDE50F2FAC05}"
EndProject
Project("{FAE04EC0-301F-11D3-BF4B-00C04F79EFBC}") = "TradeTopia.Common", "..\TradeTopia.Common\TradeTopia.Common.csproj", "{D92E0F86-E1F1-409D-ADE3-F98F2C2E6CF2}"
EndProject
Global
	GlobalSection(SolutionConfigurationPlatforms) = preSolution
		Debug|Any CPU = Debug|Any CPU
		Release|Any CPU = Release|Any CPU
	EndGlobalSection
	GlobalSection(ProjectConfigurationPlatforms) = postSolution
		{427667FB-71FD-4109-AE4F-FDE50F2FAC05}.Debug|Any CPU.ActiveCfg = Debug|Any CPU
		{427667FB-71FD-4109-AE4F-FDE50F2FAC05}.Debug|Any CPU.Build.0 = Debug|Any CPU
		{427667FB-71FD-4109-AE4F-FDE50F2FAC05}.Release|Any CPU.ActiveCfg = Release|Any CPU
		{427667FB-71FD-4109-AE4F-FDE50F2FAC05}.Release|Any CPU.Build.0 = Release|Any CPU
		{D92E0F86-E1F1-409D-ADE3-F98F2C2E6CF2}.Debug|Any CPU.ActiveCfg = Debug|Any CPU
		{D92E0F86-E1F1-409D-ADE3-F98F2C2E6CF2}.Debug|Any CPU.Build.0 = Debug|Any CPU
		{D92E0F86-E1F1-409D-ADE3-F98F2C2E6CF2}.Release|Any CPU.ActiveCfg = Release|Any CPU
		{D92E0F86-E1F1-409D-ADE3-F98F2C2E6CF2}.Release|Any CPU.Build.0 = Release|Any CPU
	EndGlobalSection
	GlobalSection(SolutionProperties) = preSolution
		HideSolutionNode = FALSE
	EndGlobalSection
	GlobalSection(ExtensibilityGlobals) = postSolution
		SolutionGuid = {BD86A5C8-A7BC-49EB-A846-CF83A0C99187}
	EndGlobalSection
EndGlobal
